
Microsoft Visual Studio Solution File, Format Version 12.00
# Visual Studio Version 17
VisualStudioVersion = 17.3.32922.545
MinimumVisualStudioVersion = 10.0.40219.1
Project("{FAE04EC0-301F-11D3-BF4B-00C04F79EFBC}") = "LineComparsion_Problem", "LineComparsion_Problem\LineComparsion_Problem.csproj", "{42B51702-0FF7-4DFA-AFDE-A5F27BA0F1DA}"
EndProject
Global
	GlobalSection(SolutionConfigurationPlatforms) = preSolution
		Debug|Any CPU = Debug|Any CPU
		Release|Any CPU = Release|Any CPU
	EndGlobalSection
	GlobalSection(ProjectConfigurationPlatforms) = postSolution
		{42B51702-0FF7-4DFA-AFDE-A5F27BA0F1DA}.Debug|Any CPU.ActiveCfg = Debug|Any CPU
		{42B51702-0FF7-4DFA-AFDE-A5F27BA0F1DA}.Debug|Any CPU.Build.0 = Debug|Any CPU
		{42B51702-0FF7-4DFA-AFDE-A5F27BA0F1DA}.Release|Any CPU.ActiveCfg = Release|Any CPU
		{42B51702-0FF7-4DFA-AFDE-A5F27BA0F1DA}.Release|Any CPU.Build.0 = Release|Any CPU
	EndGlobalSection
	GlobalSection(SolutionProperties) = preSolution
		HideSolutionNode = FALSE
	EndGlobalSection
	GlobalSection(ExtensibilityGlobals) = postSolution
		SolutionGuid = {AEB2EBB9-B39E-47FD-B819-2F63ECAAD3AA}
	EndGlobalSection
EndGlobal
